
Microsoft Visual Studio Solution File, Format Version 12.00
# Visual Studio 15
VisualStudioVersion = 15.0.28307.421
MinimumVisualStudioVersion = 10.0.40219.1
Project("{FAE04EC0-301F-11D3-BF4B-00C04F79EFBC}") = "Sql_Assignment_04", "Sql_Assignment_04\Sql_Assignment_04.csproj", "{E4114573-FC92-4110-84D2-FF279898BE82}"
EndProject
Global
	GlobalSection(SolutionConfigurationPlatforms) = preSolution
		Debug|Any CPU = Debug|Any CPU
		Release|Any CPU = Release|Any CPU
	EndGlobalSection
	GlobalSection(ProjectConfigurationPlatforms) = postSolution
		{E4114573-FC92-4110-84D2-FF279898BE82}.Debug|Any CPU.ActiveCfg = Debug|Any CPU
		{E4114573-FC92-4110-84D2-FF279898BE82}.Debug|Any CPU.Build.0 = Debug|Any CPU
		{E4114573-FC92-4110-84D2-FF279898BE82}.Release|Any CPU.ActiveCfg = Release|Any CPU
		{E4114573-FC92-4110-84D2-FF279898BE82}.Release|Any CPU.Build.0 = Release|Any CPU
	EndGlobalSection
	GlobalSection(SolutionProperties) = preSolution
		HideSolutionNode = FALSE
	EndGlobalSection
	GlobalSection(ExtensibilityGlobals) = postSolution
		SolutionGuid = {237C355F-1EDF-4F1C-A650-76841BA89BFF}
	EndGlobalSection
EndGlobal
